
Microsoft Visual Studio Solution File, Format Version 12.00
# Visual Studio Version 16
VisualStudioVersion = 16.0.31229.75
MinimumVisualStudioVersion = 10.0.40219.1
Project("{FAE04EC0-301F-11D3-BF4B-00C04F79EFBC}") = "XamarinFormsFlyoutApp.Android", "XamarinFormsFlyoutApp\XamarinFormsFlyoutApp.Android\XamarinFormsFlyoutApp.Android.csproj", "{5D5FFF6E-6349-47BB-BE3B-3F86BB6E7440}"
EndProject
Project("{FAE04EC0-301F-11D3-BF4B-00C04F79EFBC}") = "XamarinFormsFlyoutApp.iOS", "XamarinFormsFlyoutApp\XamarinFormsFlyoutApp.iOS\XamarinFormsFlyoutApp.iOS.csproj", "{DD027B7E-DD6E-46FA-929D-9F6109C33E4F}"
EndProject
Project("{FAE04EC0-301F-11D3-BF4B-00C04F79EFBC}") = "XamarinFormsFlyoutApp", "XamarinFormsFlyoutApp\XamarinFormsFlyoutApp\XamarinFormsFlyoutApp.csproj", "{FFB41721-9F8F-4356-A6EB-FB4C3E6E2042}"
EndProject
Global
	GlobalSection(SolutionConfigurationPlatforms) = preSolution
		Debug|Any CPU = Debug|Any CPU
		Debug|iPhone = Debug|iPhone
		Debug|iPhoneSimulator = Debug|iPhoneSimulator
		Release|Any CPU = Release|Any CPU
		Release|iPhone = Release|iPhone
		Release|iPhoneSimulator = Release|iPhoneSimulator
	EndGlobalSection
	GlobalSection(ProjectConfigurationPlatforms) = postSolution
		{5D5FFF6E-6349-47BB-BE3B-3F86BB6E7440}.Debug|Any CPU.ActiveCfg = Debug|Any CPU
		{5D5FFF6E-6349-47BB-BE3B-3F86BB6E7440}.Debug|Any CPU.Build.0 = Debug|Any CPU
		{5D5FFF6E-6349-47BB-BE3B-3F86BB6E7440}.Debug|Any CPU.Deploy.0 = Debug|Any CPU
		{5D5FFF6E-6349-47BB-BE3B-3F86BB6E7440}.Debug|iPhone.ActiveCfg = Debug|Any CPU
		{5D5FFF6E-6349-47BB-BE3B-3F86BB6E7440}.Debug|iPhone.Build.0 = Debug|Any CPU
		{5D5FFF6E-6349-47BB-BE3B-3F86BB6E7440}.Debug|iPhone.Deploy.0 = Debug|Any CPU
		{5D5FFF6E-6349-47BB-BE3B-3F86BB6E7440}.Debug|iPhoneSimulator.ActiveCfg = Debug|Any CPU
		{5D5FFF6E-6349-47BB-BE3B-3F86BB6E7440}.Debug|iPhoneSimulator.Build.0 = Debug|Any CPU
		{5D5FFF6E-6349-47BB-BE3B-3F86BB6E7440}.Debug|iPhoneSimulator.Deploy.0 = Debug|Any CPU
		{5D5FFF6E-6349-47BB-BE3B-3F86BB6E7440}.Release|Any CPU.ActiveCfg = Release|Any CPU
		{5D5FFF6E-6349-47BB-BE3B-3F86BB6E7440}.Release|Any CPU.Build.0 = Release|Any CPU
		{5D5FFF6E-6349-47BB-BE3B-3F86BB6E7440}.Release|Any CPU.Deploy.0 = Release|Any CPU
		{5D5FFF6E-6349-47BB-BE3B-3F86BB6E7440}.Release|iPhone.ActiveCfg = Release|Any CPU
		{5D5FFF6E-6349-47BB-BE3B-3F86BB6E7440}.Release|iPhone.Build.0 = Release|Any CPU
		{5D5FFF6E-6349-47BB-BE3B-3F86BB6E7440}.Release|iPhone.Deploy.0 = Release|Any CPU
		{5D5FFF6E-6349-47BB-BE3B-3F86BB6E7440}.Release|iPhoneSimulator.ActiveCfg = Release|Any CPU
		{5D5FFF6E-6349-47BB-BE3B-3F86BB6E7440}.Release|iPhoneSimulator.Build.0 = Release|Any CPU
		{5D5FFF6E-6349-47BB-BE3B-3F86BB6E7440}.Release|iPhoneSimulator.Deploy.0 = Release|Any CPU
		{DD027B7E-DD6E-46FA-929D-9F6109C33E4F}.Debug|Any CPU.ActiveCfg = Debug|iPhone
		{DD027B7E-DD6E-46FA-929D-9F6109C33E4F}.Debug|Any CPU.Build.0 = Debug|iPhone
		{DD027B7E-DD6E-46FA-929D-9F6109C33E4F}.Debug|Any CPU.Deploy.0 = Debug|iPhone
		{DD027B7E-DD6E-46FA-929D-9F6109C33E4F}.Debug|iPhone.ActiveCfg = Debug|iPhone
		{DD027B7E-DD6E-46FA-929D-9F6109C33E4F}.Debug|iPhone.Build.0 = Debug|iPhone
		{DD027B7E-DD6E-46FA-929D-9F6109C33E4F}.Debug|iPhone.Deploy.0 = Debug|iPhone
		{DD027B7E-DD6E-46FA-929D-9F6109C33E4F}.Debug|iPhoneSimulator.ActiveCfg = Debug|iPhoneSimulator
		{DD027B7E-DD6E-46FA-929D-9F6109C33E4F}.Debug|iPhoneSimulator.Build.0 = Debug|iPhoneSimulator
		{DD027B7E-DD6E-46FA-929D-9F6109C33E4F}.Debug|iPhoneSimulator.Deploy.0 = Debug|iPhoneSimulator
		{DD027B7E-DD6E-46FA-929D-9F6109C33E4F}.Release|Any CPU.ActiveCfg = Release|iPhoneSimulator
		{DD027B7E-DD6E-46FA-929D-9F6109C33E4F}.Release|Any CPU.Build.0 = Release|iPhoneSimulator
		{DD027B7E-DD6E-46FA-929D-9F6109C33E4F}.Release|Any CPU.Deploy.0 = Release|iPhoneSimulator
		{DD027B7E-DD6E-46FA-929D-9F6109C33E4F}.Release|iPhone.ActiveCfg = Release|iPhone
		{DD027B7E-DD6E-46FA-929D-9F6109C33E4F}.Release|iPhone.Build.0 = Release|iPhone
		{DD027B7E-DD6E-46FA-929D-9F6109C33E4F}.Release|iPhone.Deploy.0 = Release|iPhone
		{DD027B7E-DD6E-46FA-929D-9F6109C33E4F}.Release|iPhoneSimulator.ActiveCfg = Release|iPhoneSimulator
		{DD027B7E-DD6E-46FA-929D-9F6109C33E4F}.Release|iPhoneSimulator.Build.0 = Release|iPhoneSimulator
		{DD027B7E-DD6E-46FA-929D-9F6109C33E4F}.Release|iPhoneSimulator.Deploy.0 = Release|iPhoneSimulator
		{FFB41721-9F8F-4356-A6EB-FB4C3E6E2042}.Debug|Any CPU.ActiveCfg = Debug|Any CPU
		{FFB41721-9F8F-4356-A6EB-FB4C3E6E2042}.Debug|Any CPU.Build.0 = Debug|Any CPU
		{FFB41721-9F8F-4356-A6EB-FB4C3E6E2042}.Debug|Any CPU.Deploy.0 = Debug|Any CPU
		{FFB41721-9F8F-4356-A6EB-FB4C3E6E2042}.Debug|iPhone.ActiveCfg = Debug|Any CPU
		{FFB41721-9F8F-4356-A6EB-FB4C3E6E2042}.Debug|iPhone.Build.0 = Debug|Any CPU
		{FFB41721-9F8F-4356-A6EB-FB4C3E6E2042}.Debug|iPhone.Deploy.0 = Debug|Any CPU
		{FFB41721-9F8F-4356-A6EB-FB4C3E6E2042}.Debug|iPhoneSimulator.ActiveCfg = Debug|Any CPU
		{FFB41721-9F8F-4356-A6EB-FB4C3E6E2042}.Debug|iPhoneSimulator.Build.0 = Debug|Any CPU
		{FFB41721-9F8F-4356-A6EB-FB4C3E6E2042}.Debug|iPhoneSimulator.Deploy.0 = Debug|Any CPU
		{FFB41721-9F8F-4356-A6EB-FB4C3E6E2042}.Release|Any CPU.ActiveCfg = Release|Any CPU
		{FFB41721-9F8F-4356-A6EB-FB4C3E6E2042}.Release|Any CPU.Build.0 = Release|Any CPU
		{FFB41721-9F8F-4356-A6EB-FB4C3E6E2042}.Release|Any CPU.Deploy.0 = Release|Any CPU
		{FFB41721-9F8F-4356-A6EB-FB4C3E6E2042}.Release|iPhone.ActiveCfg = Release|Any CPU
		{FFB41721-9F8F-4356-A6EB-FB4C3E6E2042}.Release|iPhone.Build.0 = Release|Any CPU
		{FFB41721-9F8F-4356-A6EB-FB4C3E6E2042}.Release|iPhone.Deploy.0 = Release|Any CPU
		{FFB41721-9F8F-4356-A6EB-FB4C3E6E2042}.Release|iPhoneSimulator.ActiveCfg = Release|Any CPU
		{FFB41721-9F8F-4356-A6EB-FB4C3E6E2042}.Release|iPhoneSimulator.Build.0 = Release|Any CPU
		{FFB41721-9F8F-4356-A6EB-FB4C3E6E2042}.Release|iPhoneSimulator.Deploy.0 = Release|Any CPU
	EndGlobalSection
	GlobalSection(SolutionProperties) = preSolution
		HideSolutionNode = FALSE
	EndGlobalSection
	GlobalSection(ExtensibilityGlobals) = postSolution
		SolutionGuid = {725C97CF-67C8-43DA-B1BF-D3F205497C1F}
	EndGlobalSection
EndGlobal
