
Microsoft Visual Studio Solution File, Format Version 12.00
# Visual Studio Version 16
VisualStudioVersion = 16.0.31205.134
MinimumVisualStudioVersion = 10.0.40219.1
Project("{9A19103F-16F7-4668-BE54-9A1E7A4F7556}") = "RegistrationScreen.Wpf", "RegistrationScreen.Wpf\RegistrationScreen.Wpf.csproj", "{FF26D47E-6048-4F1F-98D5-7744271F20E6}"
EndProject
Global
	GlobalSection(SolutionConfigurationPlatforms) = preSolution
		Debug|Any CPU = Debug|Any CPU
		Release|Any CPU = Release|Any CPU
	EndGlobalSection
	GlobalSection(ProjectConfigurationPlatforms) = postSolution
		{FF26D47E-6048-4F1F-98D5-7744271F20E6}.Debug|Any CPU.ActiveCfg = Debug|Any CPU
		{FF26D47E-6048-4F1F-98D5-7744271F20E6}.Debug|Any CPU.Build.0 = Debug|Any CPU
		{FF26D47E-6048-4F1F-98D5-7744271F20E6}.Release|Any CPU.ActiveCfg = Release|Any CPU
		{FF26D47E-6048-4F1F-98D5-7744271F20E6}.Release|Any CPU.Build.0 = Release|Any CPU
	EndGlobalSection
	GlobalSection(SolutionProperties) = preSolution
		HideSolutionNode = FALSE
	EndGlobalSection
	GlobalSection(ExtensibilityGlobals) = postSolution
		SolutionGuid = {5D3C3E64-B9E2-4825-82BA-4C43EAC9ED9D}
	EndGlobalSection
EndGlobal
